
Microsoft Visual Studio Solution File, Format Version 12.00
# Visual Studio 14
VisualStudioVersion = 14.0.24720.0
MinimumVisualStudioVersion = 10.0.40219.1
Project("{FAE04EC0-301F-11D3-BF4B-00C04F79EFBC}") = "EmbeddedResources.Static", "src\EmbeddedResources.Static\EmbeddedResources.Static.csproj", "{431AD93E-BA23-475A-8BE0-93B457427FE0}"
EndProject
Project("{FAE04EC0-301F-11D3-BF4B-00C04F79EFBC}") = "EmbeddedResources.Web", "src\EmbeddedResources.Web\EmbeddedResources.Web.csproj", "{9F192A09-B950-4DC0-B3E0-FD2948F546B4}"
EndProject
Global
	GlobalSection(SolutionConfigurationPlatforms) = preSolution
		Debug|Any CPU = Debug|Any CPU
		Release|Any CPU = Release|Any CPU
	EndGlobalSection
	GlobalSection(ProjectConfigurationPlatforms) = postSolution
		{431AD93E-BA23-475A-8BE0-93B457427FE0}.Debug|Any CPU.ActiveCfg = Debug|Any CPU
		{431AD93E-BA23-475A-8BE0-93B457427FE0}.Debug|Any CPU.Build.0 = Debug|Any CPU
		{431AD93E-BA23-475A-8BE0-93B457427FE0}.Release|Any CPU.ActiveCfg = Release|Any CPU
		{431AD93E-BA23-475A-8BE0-93B457427FE0}.Release|Any CPU.Build.0 = Release|Any CPU
		{9F192A09-B950-4DC0-B3E0-FD2948F546B4}.Debug|Any CPU.ActiveCfg = Debug|Any CPU
		{9F192A09-B950-4DC0-B3E0-FD2948F546B4}.Debug|Any CPU.Build.0 = Debug|Any CPU
		{9F192A09-B950-4DC0-B3E0-FD2948F546B4}.Release|Any CPU.ActiveCfg = Release|Any CPU
		{9F192A09-B950-4DC0-B3E0-FD2948F546B4}.Release|Any CPU.Build.0 = Release|Any CPU
	EndGlobalSection
	GlobalSection(SolutionProperties) = preSolution
		HideSolutionNode = FALSE
	EndGlobalSection
EndGlobal
